
Microsoft Visual Studio Solution File, Format Version 12.00
# Visual Studio 2012
Project("{FAE04EC0-301F-11D3-BF4B-00C04F79EFBC}") = "LibraryLoanSystem", "LibraryLoanSystem\LibraryLoanSystem.csproj", "{6B724EC9-8EA9-4B6A-A376-29C905213558}"
EndProject
Project("{F088123C-0E9E-452A-89E6-6BA2F21D5CAC}") = "ClassDiagram", "ClassDiagram\ClassDiagram.modelproj", "{41BF98AF-1285-4D8B-9A1C-C29833CDCB54}"
EndProject
Global
	GlobalSection(SolutionConfigurationPlatforms) = preSolution
		Debug|Any CPU = Debug|Any CPU
		Release|Any CPU = Release|Any CPU
	EndGlobalSection
	GlobalSection(ProjectConfigurationPlatforms) = postSolution
		{6B724EC9-8EA9-4B6A-A376-29C905213558}.Debug|Any CPU.ActiveCfg = Debug|Any CPU
		{6B724EC9-8EA9-4B6A-A376-29C905213558}.Debug|Any CPU.Build.0 = Debug|Any CPU
		{6B724EC9-8EA9-4B6A-A376-29C905213558}.Release|Any CPU.ActiveCfg = Release|Any CPU
		{6B724EC9-8EA9-4B6A-A376-29C905213558}.Release|Any CPU.Build.0 = Release|Any CPU
		{41BF98AF-1285-4D8B-9A1C-C29833CDCB54}.Debug|Any CPU.ActiveCfg = Debug|Any CPU
		{41BF98AF-1285-4D8B-9A1C-C29833CDCB54}.Debug|Any CPU.Build.0 = Debug|Any CPU
		{41BF98AF-1285-4D8B-9A1C-C29833CDCB54}.Release|Any CPU.ActiveCfg = Release|Any CPU
		{41BF98AF-1285-4D8B-9A1C-C29833CDCB54}.Release|Any CPU.Build.0 = Release|Any CPU
	EndGlobalSection
	GlobalSection(SolutionProperties) = preSolution
		HideSolutionNode = FALSE
	EndGlobalSection
EndGlobal
